// !$*UTF8*$!
{
	archiveVersion = 1;
	classes = {
	};
	objectVersion = 77;
	objects = {

/* Begin PBXBuildFile section */
		00251C2235C05449A39BB19F /* VerbaApp.swift in Sources */ = {isa = PBXBuildFile; fileRef = F6AB2C5D13D7B6FEE248DA5D /* VerbaApp.swift */; };
		06DDD8B11C12127C6A3D2086 /* MLXLLM in Frameworks */ = {isa = PBXBuildFile; productRef = E1BBF84E8E60F82FAB53F748 /* MLXLLM */; };
		06F11E7E33902EF3AB86778E /* OnboardingView.swift in Sources */ = {isa = PBXBuildFile; fileRef = E1E3F902E2664538B8DBD0EA /* OnboardingView.swift */; };
		096A15AAD9FD39264B403B94 /* SystemAudioCapture.swift in Sources */ = {isa = PBXBuildFile; fileRef = 612DFE75700F3D141851E895 /* SystemAudioCapture.swift */; };
		0A6F3C4C17C3A943B482931F /* MediaControlService.swift in Sources */ = {isa = PBXBuildFile; fileRef = AC7CA211BFB5DFEBE8913082 /* MediaControlService.swift */; };
		0D66AAAF7BD222E64993042B /* LocalLLMService.swift in Sources */ = {isa = PBXBuildFile; fileRef = 3F3A9F798E2CC73C8FC4276C /* LocalLLMService.swift */; };
		14FD029646381DCE1F92DB9C /* WhisperKit in Frameworks */ = {isa = PBXBuildFile; productRef = A494CBE9EFB817589A5664B2 /* WhisperKit */; };
		26E7011EA8827923FEA45ADC /* SettingsView.swift in Sources */ = {isa = PBXBuildFile; fileRef = C6DC5D3DE237E1CD96D64D95 /* SettingsView.swift */; };
		28B1A7B97CECDB588783C097 /* AudioPlaybackService.swift in Sources */ = {isa = PBXBuildFile; fileRef = 74EE96E1C03CC1E8F7F0F45A /* AudioPlaybackService.swift */; };
		28F0F3F2DA7239519282B574 /* DictionaryView.swift in Sources */ = {isa = PBXBuildFile; fileRef = 30A931301AF9F3C9088D9B56 /* DictionaryView.swift */; };
		3296E051BB5479FC0769018E /* UpdateChecker.swift in Sources */ = {isa = PBXBuildFile; fileRef = 7CD5E7E6D587EBD193737587 /* UpdateChecker.swift */; };
		35D6F08B85EBD7C8202BD0E9 /* KeyboardShortcuts in Frameworks */ = {isa = PBXBuildFile; productRef = E344613896B089225155A881 /* KeyboardShortcuts */; };
		411C2836CD6B6BD5523223D2 /* PasteService.swift in Sources */ = {isa = PBXBuildFile; fileRef = 000A9CD486EE8C9E1BC97F44 /* PasteService.swift */; };
		41C6C3BF71D982655CD21416 /* TranscriptionRecord.swift in Sources */ = {isa = PBXBuildFile; fileRef = 663F65350C4A94975B1BCC00 /* TranscriptionRecord.swift */; };
		6E9FA0BE8D7BCDEFE97E5C2C /* Assets.xcassets in Resources */ = {isa = PBXBuildFile; fileRef = FEFA63436B0AA919F0BEF8DE /* Assets.xcassets */; };
		75B09F55FAAB53A054E1146A /* MainView.swift in Sources */ = {isa = PBXBuildFile; fileRef = ACC325F13C7DD49EE1B7EE58 /* MainView.swift */; };
		A25D65BA66B0D3BCAC2270B4 /* AppState.swift in Sources */ = {isa = PBXBuildFile; fileRef = 1EA77ECA310FFE0E531FC0F7 /* AppState.swift */; };
		B956482FABE80ED80F2BF64C /* AudioRecorder.swift in Sources */ = {isa = PBXBuildFile; fileRef = 7CC3EA34973B424FB3926667 /* AudioRecorder.swift */; };
		B9AD98961ACF1692D1AD4D85 /* MainWindowController.swift in Sources */ = {isa = PBXBuildFile; fileRef = C7871211F5B96EDE67F8F3C1 /* MainWindowController.swift */; };
		BBEB66EF41089DC05D2A5963 /* HistoryView.swift in Sources */ = {isa = PBXBuildFile; fileRef = 9E2BF24F318F4130AC2AC7BE /* HistoryView.swift */; };
		BC12F0B50EA750F50B9E33AA /* MLXLMCommon in Frameworks */ = {isa = PBXBuildFile; productRef = 7F8A10FD4246CB88E87FD322 /* MLXLMCommon */; };
		BC603F6ED1765B61B23E7D38 /* DashboardView.swift in Sources */ = {isa = PBXBuildFile; fileRef = F5ED76A160E955669C7BFA8D /* DashboardView.swift */; };
		C61E975F54C021B484198124 /* FormattingService.swift in Sources */ = {isa = PBXBuildFile; fileRef = 38F6A69F20E7FEEFBAD02D00 /* FormattingService.swift */; };
		C70CA86DAB55FD8FDF455402 /* WhisperService.swift in Sources */ = {isa = PBXBuildFile; fileRef = 3F3251E406A6533AACE305E4 /* WhisperService.swift */; };
		CC1C4787F4FE37BA9CF7CC39 /* Sparkle in Frameworks */ = {isa = PBXBuildFile; productRef = 77285EA951350A5C14BBC64B /* Sparkle */; };
		D95FCDC90125C54F16781D32 /* MenuBarView.swift in Sources */ = {isa = PBXBuildFile; fileRef = CEF578F52D7EEF7E0BA431AC /* MenuBarView.swift */; };
		DA3D3250EC714DD799202511 /* DesignSystem.swift in Sources */ = {isa = PBXBuildFile; fileRef = 2CFD55B069DC1F99C087C41B /* DesignSystem.swift */; };
		DC1D9B409356C87F7A93C759 /* Localization.swift in Sources */ = {isa = PBXBuildFile; fileRef = C68254114DDB6D0F45E89568 /* Localization.swift */; };
		F01B966CD6B543DC21417045 /* FloatingIndicator.swift in Sources */ = {isa = PBXBuildFile; fileRef = D093B938F5AEB01C25CEC8E5 /* FloatingIndicator.swift */; };
		F9475D45981052FD183888EA /* HotkeyManager.swift in Sources */ = {isa = PBXBuildFile; fileRef = B6D37CD0E41D60AE3FBDE5D5 /* HotkeyManager.swift */; };
/* End PBXBuildFile section */

/* Begin PBXFileReference section */
		000A9CD486EE8C9E1BC97F44 /* PasteService.swift */ = {isa = PBXFileReference; lastKnownFileType = sourcecode.swift; path = PasteService.swift; sourceTree = "<group>"; };
		1EA77ECA310FFE0E531FC0F7 /* AppState.swift */ = {isa = PBXFileReference; lastKnownFileType = sourcecode.swift; path = AppState.swift; sourceTree = "<group>"; };
		2CFD55B069DC1F99C087C41B /* DesignSystem.swift */ = {isa = PBXFileReference; lastKnownFileType = sourcecode.swift; path = DesignSystem.swift; sourceTree = "<group>"; };
		30A931301AF9F3C9088D9B56 /* DictionaryView.swift */ = {isa = PBXFileReference; lastKnownFileType = sourcecode.swift; path = DictionaryView.swift; sourceTree = "<group>"; };
		38F6A69F20E7FEEFBAD02D00 /* FormattingService.swift */ = {isa = PBXFileReference; lastKnownFileType = sourcecode.swift; path = FormattingService.swift; sourceTree = "<group>"; };
		3F3251E406A6533AACE305E4 /* WhisperService.swift */ = {isa = PBXFileReference; lastKnownFileType = sourcecode.swift; path = WhisperService.swift; sourceTree = "<group>"; };
		3F3A9F798E2CC73C8FC4276C /* LocalLLMService.swift */ = {isa = PBXFileReference; lastKnownFileType = sourcecode.swift; path = LocalLLMService.swift; sourceTree = "<group>"; };
		612DFE75700F3D141851E895 /* SystemAudioCapture.swift */ = {isa = PBXFileReference; lastKnownFileType = sourcecode.swift; path = SystemAudioCapture.swift; sourceTree = "<group>"; };
		663F65350C4A94975B1BCC00 /* TranscriptionRecord.swift */ = {isa = PBXFileReference; lastKnownFileType = sourcecode.swift; path = TranscriptionRecord.swift; sourceTree = "<group>"; };
		74EE96E1C03CC1E8F7F0F45A /* AudioPlaybackService.swift */ = {isa = PBXFileReference; lastKnownFileType = sourcecode.swift; path = AudioPlaybackService.swift; sourceTree = "<group>"; };
		7CC3EA34973B424FB3926667 /* AudioRecorder.swift */ = {isa = PBXFileReference; lastKnownFileType = sourcecode.swift; path = AudioRecorder.swift; sourceTree = "<group>"; };
		7CD5E7E6D587EBD193737587 /* UpdateChecker.swift */ = {isa = PBXFileReference; lastKnownFileType = sourcecode.swift; path = UpdateChecker.swift; sourceTree = "<group>"; };
		9E2BF24F318F4130AC2AC7BE /* HistoryView.swift */ = {isa = PBXFileReference; lastKnownFileType = sourcecode.swift; path = HistoryView.swift; sourceTree = "<group>"; };
		AC7CA211BFB5DFEBE8913082 /* MediaControlService.swift */ = {isa = PBXFileReference; lastKnownFileType = sourcecode.swift; path = MediaControlService.swift; sourceTree = "<group>"; };
		ACC325F13C7DD49EE1B7EE58 /* MainView.swift */ = {isa = PBXFileReference; lastKnownFileType = sourcecode.swift; path = MainView.swift; sourceTree = "<group>"; };
		B6D37CD0E41D60AE3FBDE5D5 /* HotkeyManager.swift */ = {isa = PBXFileReference; lastKnownFileType = sourcecode.swift; path = HotkeyManager.swift; sourceTree = "<group>"; };
		C42C936ABE5236721BAD0F86 /* Info.plist */ = {isa = PBXFileReference; lastKnownFileType = text.plist; path = Info.plist; sourceTree = "<group>"; };
		C68254114DDB6D0F45E89568 /* Localization.swift */ = {isa = PBXFileReference; lastKnownFileType = sourcecode.swift; path = Localization.swift; sourceTree = "<group>"; };
		C6DC5D3DE237E1CD96D64D95 /* SettingsView.swift */ = {isa = PBXFileReference; lastKnownFileType = sourcecode.swift; path = SettingsView.swift; sourceTree = "<group>"; };
		C7871211F5B96EDE67F8F3C1 /* MainWindowController.swift */ = {isa = PBXFileReference; lastKnownFileType = sourcecode.swift; path = MainWindowController.swift; sourceTree = "<group>"; };
		C8B1A8B38F138C6B826AE65B /* Verba.entitlements */ = {isa = PBXFileReference; lastKnownFileType = text.plist.entitlements; path = Verba.entitlements; sourceTree = "<group>"; };
		CDD82377C411A472ED123E99 /* Verba.app */ = {isa = PBXFileReference; explicitFileType = wrapper.application; includeInIndex = 0; path = Verba.app; sourceTree = BUILT_PRODUCTS_DIR; };
		CEF578F52D7EEF7E0BA431AC /* MenuBarView.swift */ = {isa = PBXFileReference; lastKnownFileType = sourcecode.swift; path = MenuBarView.swift; sourceTree = "<group>"; };
		D093B938F5AEB01C25CEC8E5 /* FloatingIndicator.swift */ = {isa = PBXFileReference; lastKnownFileType = sourcecode.swift; path = FloatingIndicator.swift; sourceTree = "<group>"; };
		E1E3F902E2664538B8DBD0EA /* OnboardingView.swift */ = {isa = PBXFileReference; lastKnownFileType = sourcecode.swift; path = OnboardingView.swift; sourceTree = "<group>"; };
		F5ED76A160E955669C7BFA8D /* DashboardView.swift */ = {isa = PBXFileReference; lastKnownFileType = sourcecode.swift; path = DashboardView.swift; sourceTree = "<group>"; };
		F6AB2C5D13D7B6FEE248DA5D /* VerbaApp.swift */ = {isa = PBXFileReference; lastKnownFileType = sourcecode.swift; path = VerbaApp.swift; sourceTree = "<group>"; };
		FEFA63436B0AA919F0BEF8DE /* Assets.xcassets */ = {isa = PBXFileReference; lastKnownFileType = folder.assetcatalog; path = Assets.xcassets; sourceTree = "<group>"; };
/* End PBXFileReference section */

/* Begin PBXFrameworksBuildPhase section */
		684644BCC3F7943FCA19E14D /* Frameworks */ = {
			isa = PBXFrameworksBuildPhase;
			buildActionMask = 2147483647;
			files = (
				35D6F08B85EBD7C8202BD0E9 /* KeyboardShortcuts in Frameworks */,
				14FD029646381DCE1F92DB9C /* WhisperKit in Frameworks */,
				06DDD8B11C12127C6A3D2086 /* MLXLLM in Frameworks */,
				BC12F0B50EA750F50B9E33AA /* MLXLMCommon in Frameworks */,
				CC1C4787F4FE37BA9CF7CC39 /* Sparkle in Frameworks */,
			);
			runOnlyForDeploymentPostprocessing = 0;
		};
/* End PBXFrameworksBuildPhase section */

/* Begin PBXGroup section */
		5291077C07CE343EE80F7FC5 = {
			isa = PBXGroup;
			children = (
				80BEB7FC54ED670E7B5AF6E5 /* Verba */,
				AEB52BEBF0E6B31AA950D7AF /* Products */,
			);
			sourceTree = "<group>";
		};
		80BEB7FC54ED670E7B5AF6E5 /* Verba */ = {
			isa = PBXGroup;
			children = (
				1EA77ECA310FFE0E531FC0F7 /* AppState.swift */,
				FEFA63436B0AA919F0BEF8DE /* Assets.xcassets */,
				74EE96E1C03CC1E8F7F0F45A /* AudioPlaybackService.swift */,
				7CC3EA34973B424FB3926667 /* AudioRecorder.swift */,
				F5ED76A160E955669C7BFA8D /* DashboardView.swift */,
				2CFD55B069DC1F99C087C41B /* DesignSystem.swift */,
				30A931301AF9F3C9088D9B56 /* DictionaryView.swift */,
				D093B938F5AEB01C25CEC8E5 /* FloatingIndicator.swift */,
				38F6A69F20E7FEEFBAD02D00 /* FormattingService.swift */,
				9E2BF24F318F4130AC2AC7BE /* HistoryView.swift */,
				B6D37CD0E41D60AE3FBDE5D5 /* HotkeyManager.swift */,
				C42C936ABE5236721BAD0F86 /* Info.plist */,
				C68254114DDB6D0F45E89568 /* Localization.swift */,
				3F3A9F798E2CC73C8FC4276C /* LocalLLMService.swift */,
				ACC325F13C7DD49EE1B7EE58 /* MainView.swift */,
				C7871211F5B96EDE67F8F3C1 /* MainWindowController.swift */,
				AC7CA211BFB5DFEBE8913082 /* MediaControlService.swift */,
				CEF578F52D7EEF7E0BA431AC /* MenuBarView.swift */,
				E1E3F902E2664538B8DBD0EA /* OnboardingView.swift */,
				000A9CD486EE8C9E1BC97F44 /* PasteService.swift */,
				C6DC5D3DE237E1CD96D64D95 /* SettingsView.swift */,
				612DFE75700F3D141851E895 /* SystemAudioCapture.swift */,
				663F65350C4A94975B1BCC00 /* TranscriptionRecord.swift */,
				7CD5E7E6D587EBD193737587 /* UpdateChecker.swift */,
				C8B1A8B38F138C6B826AE65B /* Verba.entitlements */,
				F6AB2C5D13D7B6FEE248DA5D /* VerbaApp.swift */,
				3F3251E406A6533AACE305E4 /* WhisperService.swift */,
			);
			path = Verba;
			sourceTree = "<group>";
		};
		AEB52BEBF0E6B31AA950D7AF /* Products */ = {
			isa = PBXGroup;
			children = (
				CDD82377C411A472ED123E99 /* Verba.app */,
			);
			name = Products;
			sourceTree = "<group>";
		};
/* End PBXGroup section */

/* Begin PBXNativeTarget section */
		FAAC6D259BF354734E1BEAA5 /* Verba */ = {
			isa = PBXNativeTarget;
			buildConfigurationList = C1D29C4EBA6F2058EE9D2981 /* Build configuration list for PBXNativeTarget "Verba" */;
			buildPhases = (
				81AF4FC55E99C0C9BAA74960 /* Sources */,
				DABD6AE848F6A902C81510BB /* Resources */,
				684644BCC3F7943FCA19E14D /* Frameworks */,
			);
			buildRules = (
			);
			dependencies = (
			);
			name = Verba;
			packageProductDependencies = (
				E344613896B089225155A881 /* KeyboardShortcuts */,
				A494CBE9EFB817589A5664B2 /* WhisperKit */,
				E1BBF84E8E60F82FAB53F748 /* MLXLLM */,
				7F8A10FD4246CB88E87FD322 /* MLXLMCommon */,
				77285EA951350A5C14BBC64B /* Sparkle */,
			);
			productName = Verba;
			productReference = CDD82377C411A472ED123E99 /* Verba.app */;
			productType = "com.apple.product-type.application";
		};
/* End PBXNativeTarget section */

/* Begin PBXProject section */
		88584B3B948A6D1AE1FD4F35 /* Project object */ = {
			isa = PBXProject;
			attributes = {
				BuildIndependentTargetsInParallel = YES;
				LastUpgradeCheck = 1600;
				TargetAttributes = {
				};
			};
			buildConfigurationList = CB8B248A4B1220191D80A4EC /* Build configuration list for PBXProject "Verba" */;
			developmentRegion = en;
			hasScannedForEncodings = 0;
			knownRegions = (
				Base,
				en,
			);
			mainGroup = 5291077C07CE343EE80F7FC5;
			minimizedProjectReferenceProxies = 1;
			packageReferences = (
				2343CD40A444AD5DA0ABCD05 /* XCRemoteSwiftPackageReference "KeyboardShortcuts" */,
				B07110F15E06331971D1CBB6 /* XCRemoteSwiftPackageReference "Sparkle" */,
				BF90EE03D4406ED67FC56ACA /* XCRemoteSwiftPackageReference "WhisperKit" */,
				53F67B1784CFAAF063AE2501 /* XCRemoteSwiftPackageReference "mlx-swift-lm" */,
			);
			preferredProjectObjectVersion = 77;
			productRefGroup = AEB52BEBF0E6B31AA950D7AF /* Products */;
			projectDirPath = "";
			projectRoot = "";
			targets = (
				FAAC6D259BF354734E1BEAA5 /* Verba */,
			);
		};
/* End PBXProject section */

/* Begin PBXResourcesBuildPhase section */
		DABD6AE848F6A902C81510BB /* Resources */ = {
			isa = PBXResourcesBuildPhase;
			buildActionMask = 2147483647;
			files = (
				6E9FA0BE8D7BCDEFE97E5C2C /* Assets.xcassets in Resources */,
			);
			runOnlyForDeploymentPostprocessing = 0;
		};
/* End PBXResourcesBuildPhase section */

/* Begin PBXSourcesBuildPhase section */
		81AF4FC55E99C0C9BAA74960 /* Sources */ = {
			isa = PBXSourcesBuildPhase;
			buildActionMask = 2147483647;
			files = (
				A25D65BA66B0D3BCAC2270B4 /* AppState.swift in Sources */,
				28B1A7B97CECDB588783C097 /* AudioPlaybackService.swift in Sources */,
				B956482FABE80ED80F2BF64C /* AudioRecorder.swift in Sources */,
				BC603F6ED1765B61B23E7D38 /* DashboardView.swift in Sources */,
				DA3D3250EC714DD799202511 /* DesignSystem.swift in Sources */,
				28F0F3F2DA7239519282B574 /* DictionaryView.swift in Sources */,
				F01B966CD6B543DC21417045 /* FloatingIndicator.swift in Sources */,
				C61E975F54C021B484198124 /* FormattingService.swift in Sources */,
				BBEB66EF41089DC05D2A5963 /* HistoryView.swift in Sources */,
				F9475D45981052FD183888EA /* HotkeyManager.swift in Sources */,
				0D66AAAF7BD222E64993042B /* LocalLLMService.swift in Sources */,
				DC1D9B409356C87F7A93C759 /* Localization.swift in Sources */,
				75B09F55FAAB53A054E1146A /* MainView.swift in Sources */,
				B9AD98961ACF1692D1AD4D85 /* MainWindowController.swift in Sources */,
				0A6F3C4C17C3A943B482931F /* MediaControlService.swift in Sources */,
				D95FCDC90125C54F16781D32 /* MenuBarView.swift in Sources */,
				06F11E7E33902EF3AB86778E /* OnboardingView.swift in Sources */,
				411C2836CD6B6BD5523223D2 /* PasteService.swift in Sources */,
				26E7011EA8827923FEA45ADC /* SettingsView.swift in Sources */,
				096A15AAD9FD39264B403B94 /* SystemAudioCapture.swift in Sources */,
				41C6C3BF71D982655CD21416 /* TranscriptionRecord.swift in Sources */,
				3296E051BB5479FC0769018E /* UpdateChecker.swift in Sources */,
				00251C2235C05449A39BB19F /* VerbaApp.swift in Sources */,
				C70CA86DAB55FD8FDF455402 /* WhisperService.swift in Sources */,
			);
			runOnlyForDeploymentPostprocessing = 0;
		};
/* End PBXSourcesBuildPhase section */

/* Begin XCBuildConfiguration section */
		1041EE2E68AE1084F3C641FD /* Release */ = {
			isa = XCBuildConfiguration;
			buildSettings = {
				ASSETCATALOG_COMPILER_APPICON_NAME = AppIcon;
				CODE_SIGN_ENTITLEMENTS = Verba/Verba.entitlements;
				COMBINE_HIDPI_IMAGES = YES;
				CURRENT_PROJECT_VERSION = 7;
				INFOPLIST_FILE = Verba/Info.plist;
				LD_RUNPATH_SEARCH_PATHS = (
					"$(inherited)",
					"@executable_path/../Frameworks",
				);
				MACOSX_DEPLOYMENT_TARGET = 14.0;
				MARKETING_VERSION = 0.4.0;
				PRODUCT_BUNDLE_IDENTIFIER = com.sotamikami.verba;
				SDKROOT = macosx;
				SWIFT_VERSION = 5.9;
			};
			name = Release;
		};
		170D2BEA7F483E4193F566C9 /* Debug */ = {
			isa = XCBuildConfiguration;
			buildSettings = {
				ASSETCATALOG_COMPILER_APPICON_NAME = AppIconDev;
				CODE_SIGN_ENTITLEMENTS = Verba/Verba.entitlements;
				COMBINE_HIDPI_IMAGES = YES;
				CURRENT_PROJECT_VERSION = 7;
				INFOPLIST_FILE = Verba/Info.plist;
				LD_RUNPATH_SEARCH_PATHS = (
					"$(inherited)",
					"@executable_path/../Frameworks",
				);
				MACOSX_DEPLOYMENT_TARGET = 14.0;
				MARKETING_VERSION = 0.4.0;
				PRODUCT_BUNDLE_IDENTIFIER = com.sotamikami.verba.dev;
				PRODUCT_NAME = "Verba Dev";
				SDKROOT = macosx;
				SWIFT_VERSION = 5.9;
			};
			name = Debug;
		};
		2B466C054F4C6A6858CFFD58 /* Release */ = {
			isa = XCBuildConfiguration;
			buildSettings = {
				ALWAYS_SEARCH_USER_PATHS = NO;
				CLANG_ANALYZER_NONNULL = YES;
				CLANG_ANALYZER_NUMBER_OBJECT_CONVERSION = YES_AGGRESSIVE;
				CLANG_CXX_LANGUAGE_STANDARD = "gnu++14";
				CLANG_CXX_LIBRARY = "libc++";
				CLANG_ENABLE_MODULES = YES;
				CLANG_ENABLE_OBJC_ARC = YES;
				CLANG_ENABLE_OBJC_WEAK = YES;
				CLANG_WARN_BLOCK_CAPTURE_AUTORELEASING = YES;
				CLANG_WARN_BOOL_CONVERSION = YES;
				CLANG_WARN_COMMA = YES;
				CLANG_WARN_CONSTANT_CONVERSION = YES;
				CLANG_WARN_DEPRECATED_OBJC_IMPLEMENTATIONS = YES;
				CLANG_WARN_DIRECT_OBJC_ISA_USAGE = YES_ERROR;
				CLANG_WARN_DOCUMENTATION_COMMENTS = YES;
				CLANG_WARN_EMPTY_BODY = YES;
				CLANG_WARN_ENUM_CONVERSION = YES;
				CLANG_WARN_INFINITE_RECURSION = YES;
				CLANG_WARN_INT_CONVERSION = YES;
				CLANG_WARN_NON_LITERAL_NULL_CONVERSION = YES;
				CLANG_WARN_OBJC_IMPLICIT_RETAIN_SELF = YES;
				CLANG_WARN_OBJC_LITERAL_CONVERSION = YES;
				CLANG_WARN_OBJC_ROOT_CLASS = YES_ERROR;
				CLANG_WARN_QUOTED_INCLUDE_IN_FRAMEWORK_HEADER = YES;
				CLANG_WARN_RANGE_LOOP_ANALYSIS = YES;
				CLANG_WARN_STRICT_PROTOTYPES = YES;
				CLANG_WARN_SUSPICIOUS_MOVE = YES;
				CLANG_WARN_UNGUARDED_AVAILABILITY = YES_AGGRESSIVE;
				CLANG_WARN_UNREACHABLE_CODE = YES;
				CLANG_WARN__DUPLICATE_METHOD_MATCH = YES;
				COPY_PHASE_STRIP = NO;
				DEBUG_INFORMATION_FORMAT = "dwarf-with-dsym";
				ENABLE_NS_ASSERTIONS = NO;
				ENABLE_STRICT_OBJC_MSGSEND = YES;
				GCC_C_LANGUAGE_STANDARD = gnu11;
				GCC_NO_COMMON_BLOCKS = YES;
				GCC_WARN_64_TO_32_BIT_CONVERSION = YES;
				GCC_WARN_ABOUT_RETURN_TYPE = YES_ERROR;
				GCC_WARN_UNDECLARED_SELECTOR = YES;
				GCC_WARN_UNINITIALIZED_AUTOS = YES_AGGRESSIVE;
				GCC_WARN_UNUSED_FUNCTION = YES;
				GCC_WARN_UNUSED_VARIABLE = YES;
				MACOSX_DEPLOYMENT_TARGET = 14.0;
				MTL_ENABLE_DEBUG_INFO = NO;
				MTL_FAST_MATH = YES;
				PRODUCT_NAME = "$(TARGET_NAME)";
				SDKROOT = macosx;
				SWIFT_COMPILATION_MODE = wholemodule;
				SWIFT_OPTIMIZATION_LEVEL = "-O";
				SWIFT_VERSION = 5.0;
			};
			name = Release;
		};
		8D6D463BC66714337F63D0AD /* Debug */ = {
			isa = XCBuildConfiguration;
			buildSettings = {
				ALWAYS_SEARCH_USER_PATHS = NO;
				CLANG_ANALYZER_NONNULL = YES;
				CLANG_ANALYZER_NUMBER_OBJECT_CONVERSION = YES_AGGRESSIVE;
				CLANG_CXX_LANGUAGE_STANDARD = "gnu++14";
				CLANG_CXX_LIBRARY = "libc++";
				CLANG_ENABLE_MODULES = YES;
				CLANG_ENABLE_OBJC_ARC = YES;
				CLANG_ENABLE_OBJC_WEAK = YES;
				CLANG_WARN_BLOCK_CAPTURE_AUTORELEASING = YES;
				CLANG_WARN_BOOL_CONVERSION = YES;
				CLANG_WARN_COMMA = YES;
				CLANG_WARN_CONSTANT_CONVERSION = YES;
				CLANG_WARN_DEPRECATED_OBJC_IMPLEMENTATIONS = YES;
				CLANG_WARN_DIRECT_OBJC_ISA_USAGE = YES_ERROR;
				CLANG_WARN_DOCUMENTATION_COMMENTS = YES;
				CLANG_WARN_EMPTY_BODY = YES;
				CLANG_WARN_ENUM_CONVERSION = YES;
				CLANG_WARN_INFINITE_RECURSION = YES;
				CLANG_WARN_INT_CONVERSION = YES;
				CLANG_WARN_NON_LITERAL_NULL_CONVERSION = YES;
				CLANG_WARN_OBJC_IMPLICIT_RETAIN_SELF = YES;
				CLANG_WARN_OBJC_LITERAL_CONVERSION = YES;
				CLANG_WARN_OBJC_ROOT_CLASS = YES_ERROR;
				CLANG_WARN_QUOTED_INCLUDE_IN_FRAMEWORK_HEADER = YES;
				CLANG_WARN_RANGE_LOOP_ANALYSIS = YES;
				CLANG_WARN_STRICT_PROTOTYPES = YES;
				CLANG_WARN_SUSPICIOUS_MOVE = YES;
				CLANG_WARN_UNGUARDED_AVAILABILITY = YES_AGGRESSIVE;
				CLANG_WARN_UNREACHABLE_CODE = YES;
				CLANG_WARN__DUPLICATE_METHOD_MATCH = YES;
				COPY_PHASE_STRIP = NO;
				DEBUG_INFORMATION_FORMAT = dwarf;
				ENABLE_STRICT_OBJC_MSGSEND = YES;
				ENABLE_TESTABILITY = YES;
				GCC_C_LANGUAGE_STANDARD = gnu11;
				GCC_DYNAMIC_NO_PIC = NO;
				GCC_NO_COMMON_BLOCKS = YES;
				GCC_OPTIMIZATION_LEVEL = 0;
				GCC_PREPROCESSOR_DEFINITIONS = (
					"$(inherited)",
					"DEBUG=1",
				);
				GCC_WARN_64_TO_32_BIT_CONVERSION = YES;
				GCC_WARN_ABOUT_RETURN_TYPE = YES_ERROR;
				GCC_WARN_UNDECLARED_SELECTOR = YES;
				GCC_WARN_UNINITIALIZED_AUTOS = YES_AGGRESSIVE;
				GCC_WARN_UNUSED_FUNCTION = YES;
				GCC_WARN_UNUSED_VARIABLE = YES;
				MACOSX_DEPLOYMENT_TARGET = 14.0;
				MTL_ENABLE_DEBUG_INFO = INCLUDE_SOURCE;
				MTL_FAST_MATH = YES;
				ONLY_ACTIVE_ARCH = YES;
				PRODUCT_NAME = "$(TARGET_NAME)";
				SDKROOT = macosx;
				SWIFT_ACTIVE_COMPILATION_CONDITIONS = DEBUG;
				SWIFT_OPTIMIZATION_LEVEL = "-Onone";
				SWIFT_VERSION = 5.0;
			};
			name = Debug;
		};
/* End XCBuildConfiguration section */

/* Begin XCConfigurationList section */
		C1D29C4EBA6F2058EE9D2981 /* Build configuration list for PBXNativeTarget "Verba" */ = {
			isa = XCConfigurationList;
			buildConfigurations = (
				170D2BEA7F483E4193F566C9 /* Debug */,
				1041EE2E68AE1084F3C641FD /* Release */,
			);
			defaultConfigurationIsVisible = 0;
			defaultConfigurationName = Debug;
		};
		CB8B248A4B1220191D80A4EC /* Build configuration list for PBXProject "Verba" */ = {
			isa = XCConfigurationList;
			buildConfigurations = (
				8D6D463BC66714337F63D0AD /* Debug */,
				2B466C054F4C6A6858CFFD58 /* Release */,
			);
			defaultConfigurationIsVisible = 0;
			defaultConfigurationName = Debug;
		};
/* End XCConfigurationList section */

/* Begin XCRemoteSwiftPackageReference section */
		2343CD40A444AD5DA0ABCD05 /* XCRemoteSwiftPackageReference "KeyboardShortcuts" */ = {
			isa = XCRemoteSwiftPackageReference;
			repositoryURL = "https://github.com/sindresorhus/KeyboardShortcuts";
			requirement = {
				kind = upToNextMajorVersion;
				minimumVersion = 2.0.0;
			};
		};
		53F67B1784CFAAF063AE2501 /* XCRemoteSwiftPackageReference "mlx-swift-lm" */ = {
			isa = XCRemoteSwiftPackageReference;
			repositoryURL = "https://github.com/ml-explore/mlx-swift-lm";
			requirement = {
				branch = main;
				kind = branch;
			};
		};
		B07110F15E06331971D1CBB6 /* XCRemoteSwiftPackageReference "Sparkle" */ = {
			isa = XCRemoteSwiftPackageReference;
			repositoryURL = "https://github.com/sparkle-project/Sparkle";
			requirement = {
				kind = upToNextMajorVersion;
				minimumVersion = 2.6.0;
			};
		};
		BF90EE03D4406ED67FC56ACA /* XCRemoteSwiftPackageReference "WhisperKit" */ = {
			isa = XCRemoteSwiftPackageReference;
			repositoryURL = "https://github.com/argmaxinc/WhisperKit";
			requirement = {
				kind = upToNextMajorVersion;
				minimumVersion = 0.9.0;
			};
		};
/* End XCRemoteSwiftPackageReference section */

/* Begin XCSwiftPackageProductDependency section */
		77285EA951350A5C14BBC64B /* Sparkle */ = {
			isa = XCSwiftPackageProductDependency;
			package = B07110F15E06331971D1CBB6 /* XCRemoteSwiftPackageReference "Sparkle" */;
			productName = Sparkle;
		};
		7F8A10FD4246CB88E87FD322 /* MLXLMCommon */ = {
			isa = XCSwiftPackageProductDependency;
			package = 53F67B1784CFAAF063AE2501 /* XCRemoteSwiftPackageReference "mlx-swift-lm" */;
			productName = MLXLMCommon;
		};
		A494CBE9EFB817589A5664B2 /* WhisperKit */ = {
			isa = XCSwiftPackageProductDependency;
			package = BF90EE03D4406ED67FC56ACA /* XCRemoteSwiftPackageReference "WhisperKit" */;
			productName = WhisperKit;
		};
		E1BBF84E8E60F82FAB53F748 /* MLXLLM */ = {
			isa = XCSwiftPackageProductDependency;
			package = 53F67B1784CFAAF063AE2501 /* XCRemoteSwiftPackageReference "mlx-swift-lm" */;
			productName = MLXLLM;
		};
		E344613896B089225155A881 /* KeyboardShortcuts */ = {
			isa = XCSwiftPackageProductDependency;
			package = 2343CD40A444AD5DA0ABCD05 /* XCRemoteSwiftPackageReference "KeyboardShortcuts" */;
			productName = KeyboardShortcuts;
		};
/* End XCSwiftPackageProductDependency section */
	};
	rootObject = 88584B3B948A6D1AE1FD4F35 /* Project object */;
}
